
Microsoft Visual Studio Solution File, Format Version 12.00
# Visual Studio Version 17
VisualStudioVersion = 17.14.36518.9 d17.14
MinimumVisualStudioVersion = 10.0.40219.1
Project("{FAE04EC0-301F-11D3-BF4B-00C04F79EFBC}") = "TranslatorJsonAndXml", "TranslatorJsonAndXml.csproj", "{5AB0D0FD-ABB6-4A3E-9C95-ECBCC669204F}"
EndProject
Global
	GlobalSection(SolutionConfigurationPlatforms) = preSolution
		Debug|Any CPU = Debug|Any CPU
		Release|Any CPU = Release|Any CPU
	EndGlobalSection
	GlobalSection(ProjectConfigurationPlatforms) = postSolution
		{5AB0D0FD-ABB6-4A3E-9C95-ECBCC669204F}.Debug|Any CPU.ActiveCfg = Debug|Any CPU
		{5AB0D0FD-ABB6-4A3E-9C95-ECBCC669204F}.Debug|Any CPU.Build.0 = Debug|Any CPU
		{5AB0D0FD-ABB6-4A3E-9C95-ECBCC669204F}.Release|Any CPU.ActiveCfg = Release|Any CPU
		{5AB0D0FD-ABB6-4A3E-9C95-ECBCC669204F}.Release|Any CPU.Build.0 = Release|Any CPU
	EndGlobalSection
	GlobalSection(SolutionProperties) = preSolution
		HideSolutionNode = FALSE
	EndGlobalSection
	GlobalSection(ExtensibilityGlobals) = postSolution
		SolutionGuid = {20C005B5-3F5D-47A8-A4DD-E387EA82DF08}
	EndGlobalSection
EndGlobal
